<?xml version="1.0" encoding="utf-8"?>
<Project ToolsVersion="17.0" xmlns="http://schemas.microsoft.com/developer/msbuild/2003">
  <ItemGroup>
    <ClCompile Include="D:\Илья\Обучение\Нетология\C++\домашние работы\Testing\02\test-main.cpp">
      <Filter>Source Files</Filter>
    </ClCompile>
    <ClCompile Include="D:\Илья\Обучение\Нетология\C++\домашние работы\Testing\02\main.cpp">
      <Filter>Source Files</Filter>
    </ClCompile>
  </ItemGroup>
  <ItemGroup>
    <CustomBuild Include="D:\Илья\Обучение\Нетология\C++\домашние работы\Testing\02\CMakeLists.txt" />
  </ItemGroup>
  <ItemGroup>
    <Filter Include="Source Files">
      <UniqueIdentifier>{4BE845B5-5E04-3CC1-8E4F-152B6CFFCB6D}</UniqueIdentifier>
    </Filter>
  </ItemGroup>
</Project>
